{
    "_readme": [
        "This file locks the dependencies of your project to a known state",
        "Read more about it at http://getcomposer.org/doc/01-basic-usage.md#composer-lock-the-lock-file"
    ],
    "hash": "40c78ba2ef0525b42e01dc5b955c2e2a",
    "packages": [
        {
            "name": "guzzlehttp/guzzle",
            "version": "dev-master",
            "source": {
                "type": "git",
                "url": "https://github.com/guzzle/guzzle.git",
                "reference": "c57f300af7b288306a3665c89b930ea9b70ba214"
            },
            "dist": {
                "type": "zip",
                "url": "https://api.github.com/repos/guzzle/guzzle/zipball/c57f300af7b288306a3665c89b930ea9b70ba214",
                "reference": "c57f300af7b288306a3665c89b930ea9b70ba214",
                "shasum": ""
            },
            "require": {
                "ext-json": "*",
                "guzzlehttp/streams": "~1.0",
                "php": ">=5.4.0"
            },
            "require-dev": {
                "ext-curl": "*",
                "phpunit/phpunit": "~4.0",
                "psr/log": "~1.0"
            },
            "suggest": {
                "ext-curl": "Guzzle will use specific adapters if cURL is present"
            },
            "type": "library",
            "extra": {
                "branch-alias": {
                    "dev-master": "4.1.x-dev"
                }
            },
            "autoload": {
                "psr-4": {
                    "GuzzleHttp\\": "src/"
                },
                "files": [
                    "src/functions.php"
                ]
            },
            "notification-url": "https://packagist.org/downloads/",
            "license": [
                "MIT"
            ],
            "authors": [
                {
                    "name": "Michael Dowling",
                    "email": "mtdowling@gmail.com",
                    "homepage": "https://github.com/mtdowling"
                }
            ],
            "description": "Guzzle is a PHP HTTP client library and framework for building RESTful web service clients",
            "homepage": "http://guzzlephp.org/",
            "keywords": [
                "client",
                "curl",
                "framework",
                "http",
                "http client",
                "rest",
                "web service"
            ],
            "time": "2014-06-10 17:18:37"
        },
        {
            "name": "guzzlehttp/streams",
            "version": "1.1.0",
            "source": {
                "type": "git",
                "url": "https://github.com/guzzle/streams.git",
                "reference": "cf0c8c33ca95cc147efba4c714f630ee44767180"
            },
            "dist": {
                "type": "zip",
                "url": "https://api.github.com/repos/guzzle/streams/zipball/cf0c8c33ca95cc147efba4c714f630ee44767180",
                "reference": "cf0c8c33ca95cc147efba4c714f630ee44767180",
                "shasum": ""
            },
            "require": {
                "php": ">=5.4.0"
            },
            "require-dev": {
                "phpunit/phpunit": "~4.0"
            },
            "type": "library",
            "extra": {
                "branch-alias": {
                    "dev-master": "1.0.x-dev"
                }
            },
            "autoload": {
                "psr-4": {
                    "GuzzleHttp\\Stream\\": "src/"
                },
                "files": [
                    "src/functions.php"
                ]
            },
            "notification-url": "https://packagist.org/downloads/",
            "license": [
                "MIT"
            ],
            "authors": [
                {
                    "name": "Michael Dowling",
                    "email": "mtdowling@gmail.com",
                    "homepage": "https://github.com/mtdowling"
                }
            ],
            "description": "Provides a simple abstraction over streams of data (Guzzle 4+)",
            "homepage": "http://guzzlephp.org/",
            "keywords": [
                "Guzzle",
                "stream"
            ],
            "time": "2014-04-03 04:48:24"
        },
        {
            "name": "marc-mabe/php-enum",
            "version": "dev-master",
            "source": {
                "type": "git",
                "url": "https://github.com/marc-mabe/php-enum.git",
                "reference": "071b26a2fd0f8fc57ab89fa7d399792a73e37f6d"
            },
            "dist": {
                "type": "zip",
                "url": "https://api.github.com/repos/marc-mabe/php-enum/zipball/071b26a2fd0f8fc57ab89fa7d399792a73e37f6d",
                "reference": "071b26a2fd0f8fc57ab89fa7d399792a73e37f6d",
                "shasum": ""
            },
            "require": {
                "ext-reflection": "*",
                "php": ">=5.3"
            },
            "require-dev": {
                "phpunit/phpunit": ">=3.6"
            },
            "type": "library",
            "extra": {
                "branch-alias": {
                    "dev-master": "1.2-dev"
                }
            },
            "autoload": {
                "psr-0": {
                    "MabeEnum\\": "src/"
                }
            },
            "notification-url": "https://packagist.org/downloads/",
            "license": [
                "BSD-3-Clause"
            ],
            "authors": [
                {
                    "name": "Marc Bennewitz",
                    "email": "php-enum@marc-bennewitz.de",
                    "homepage": "http://www.marc-bennewitz.de/",
                    "role": "Lead"
                }
            ],
            "description": "Simple and fast implementation of enumerations with native PHP 5.3 and upper",
            "homepage": "https://github.com/marc-mabe/php-enum",
            "keywords": [
                "enum",
                "enum-map",
                "enum-set",
                "enumeration",
                "enummap",
                "enumset",
                "type-hint",
                "typehint"
            ],
            "time": "2014-05-22 16:22:21"
        },
        {
            "name": "publicuhc/php-yggdrasil",
            "version": "dev-master",
            "source": {
                "type": "git",
                "url": "https://github.com/Eluinhost/php-yggdrasil.git",
                "reference": "51e237b5e70bed36df23d2e500d54718088ea7b4"
            },
            "dist": {
                "type": "zip",
                "url": "https://api.github.com/repos/Eluinhost/php-yggdrasil/zipball/51e237b5e70bed36df23d2e500d54718088ea7b4",
                "reference": "51e237b5e70bed36df23d2e500d54718088ea7b4",
                "shasum": ""
            },
            "require": {
                "guzzlehttp/guzzle": "4.*"
            },
            "require-dev": {
                "phpunit/phpunit": "3.7.*"
            },
            "type": "library",
            "autoload": {
                "psr-4": {
                    "PublicUHC\\PhpYggdrasil\\": "src/"
                }
            },
            "notification-url": "https://packagist.org/downloads/",
            "license": [
                "GPLv3"
            ],
            "authors": [
                {
                    "name": "Graham Howden",
                    "email": "graham_howden1@yahoo.co.uk"
                }
            ],
            "description": "PHP Library for interacting with Mojang authentication servers",
            "time": "2014-06-12 10:08:04"
        }
    ],
    "packages-dev": [

    ],
    "aliases": [

    ],
    "minimum-stability": "dev",
    "stability-flags": {
        "publicuhc/php-yggdrasil": 20
    },
    "platform": [

    ],
    "platform-dev": [

    ]
}
